// !$*UTF8*$!
{
	archiveVersion = 1;
	classes = {
	};
	objectVersion = 46;
	objects = {

/* Begin PBXBuildFile section */
		1F4B38E3138E704D003FE58C /* BADemoAppDelegate.m in Sources */ = {isa = PBXBuildFile; fileRef = 1F4B38D9138E704D003FE58C /* BADemoAppDelegate.m */; };
		1F4B38E4138E704D003FE58C /* BADemoViewController.m in Sources */ = {isa = PBXBuildFile; fileRef = 1F4B38DB138E704D003FE58C /* BADemoViewController.m */; };
		1F4B38E6138E704D003FE58C /* InfoPlist.strings in Resources */ = {isa = PBXBuildFile; fileRef = 1F4B38DE138E704D003FE58C /* InfoPlist.strings */; };
		1F4B38E8138E704D003FE58C /* main.m in Sources */ = {isa = PBXBuildFile; fileRef = 1F4B38E1138E704D003FE58C /* main.m */; };
		1F4B38E9138E704D003FE58C /* MainWindow.xib in Resources */ = {isa = PBXBuildFile; fileRef = 1F4B38E2138E704D003FE58C /* MainWindow.xib */; };
		1F6D31AD138E959600DEA7FE /* BAXMLLoader.m in Sources */ = {isa = PBXBuildFile; fileRef = 1F6D31AA138E959600DEA7FE /* BAXMLLoader.m */; };
		1F6D31AE138E959600DEA7FE /* BAXMLParserBase.m in Sources */ = {isa = PBXBuildFile; fileRef = 1F6D31AC138E959600DEA7FE /* BAXMLParserBase.m */; };
		1F6D31B4138E970000DEA7FE /* BAPageControl.m in Sources */ = {isa = PBXBuildFile; fileRef = 1F6D31B1138E96FF00DEA7FE /* BAPageControl.m */; };
		1F6D31B5138E970000DEA7FE /* BARemoteImageView.m in Sources */ = {isa = PBXBuildFile; fileRef = 1F6D31B3138E970000DEA7FE /* BARemoteImageView.m */; };
		1F7F0FE4138EED8100E62046 /* BAPageControlViewController.m in Sources */ = {isa = PBXBuildFile; fileRef = 1F7F0FE2138EED8100E62046 /* BAPageControlViewController.m */; };
		1F7F0FE5138EED8100E62046 /* BAPageControlViewController.xib in Resources */ = {isa = PBXBuildFile; fileRef = 1F7F0FE3138EED8100E62046 /* BAPageControlViewController.xib */; };
		1F7F0FED138EF27F00E62046 /* BAHyperHandler.m in Sources */ = {isa = PBXBuildFile; fileRef = 1F7F0FE8138EF27F00E62046 /* BAHyperHandler.m */; };
		1F7F0FEE138EF27F00E62046 /* BAHyperParser.m in Sources */ = {isa = PBXBuildFile; fileRef = 1F7F0FEA138EF27F00E62046 /* BAHyperParser.m */; };
		1F7F0FEF138EF27F00E62046 /* BAProgressView.m in Sources */ = {isa = PBXBuildFile; fileRef = 1F7F0FEC138EF27F00E62046 /* BAProgressView.m */; };
		1F7F0FF3138EF50500E62046 /* BAProgressViewController.m in Sources */ = {isa = PBXBuildFile; fileRef = 1F7F0FF1138EF50500E62046 /* BAProgressViewController.m */; };
		1F7F0FF4138EF50500E62046 /* BAProgressViewController.xib in Resources */ = {isa = PBXBuildFile; fileRef = 1F7F0FF2138EF50500E62046 /* BAProgressViewController.xib */; };
		1F7F1002138EFF1300E62046 /* BAToggleBar.m in Sources */ = {isa = PBXBuildFile; fileRef = 1F7F0FF6138EFF1100E62046 /* BAToggleBar.m */; };
		1F7F1003138EFF1300E62046 /* BAToggleItemImage.m in Sources */ = {isa = PBXBuildFile; fileRef = 1F7F0FF9138EFF1100E62046 /* BAToggleItemImage.m */; };
		1F7F1004138EFF1300E62046 /* BAToggleItemLabel.m in Sources */ = {isa = PBXBuildFile; fileRef = 1F7F0FFB138EFF1200E62046 /* BAToggleItemLabel.m */; };
		1F7F1005138EFF1300E62046 /* UINavigationController+BATransitions.m in Sources */ = {isa = PBXBuildFile; fileRef = 1F7F0FFD138EFF1200E62046 /* UINavigationController+BATransitions.m */; };
		1F7F1006138EFF1300E62046 /* UITableView+BALoading.m in Sources */ = {isa = PBXBuildFile; fileRef = 1F7F0FFF138EFF1200E62046 /* UITableView+BALoading.m */; };
		1F7F1007138EFF1300E62046 /* BARefreshHeaderView.m in Sources */ = {isa = PBXBuildFile; fileRef = 1F7F1001138EFF1300E62046 /* BARefreshHeaderView.m */; };
		1F7F1009138F00D800E62046 /* QuartzCore.framework in Frameworks */ = {isa = PBXBuildFile; fileRef = 1F7F1008138F00D800E62046 /* QuartzCore.framework */; };
		1F98003D138E745500B91C2C /* CHANGELOG.md in Resources */ = {isa = PBXBuildFile; fileRef = 1F980023138E745500B91C2C /* CHANGELOG.md */; };
		1F98003E138E745500B91C2C /* JSONKit.m in Sources */ = {isa = PBXBuildFile; fileRef = 1F980025138E745500B91C2C /* JSONKit.m */; };
		1F98003F138E745500B91C2C /* README.md in Resources */ = {isa = PBXBuildFile; fileRef = 1F980026138E745500B91C2C /* README.md */; };
		1F980061138E892700B91C2C /* BAPersistentCache.m in Sources */ = {isa = PBXBuildFile; fileRef = 1F980056138E892700B91C2C /* BAPersistentCache.m */; };
		1F980062138E892700B91C2C /* BADataLoader.m in Sources */ = {isa = PBXBuildFile; fileRef = 1F980058138E892700B91C2C /* BADataLoader.m */; };
		1F980063138E892700B91C2C /* BAJSONLoader.m in Sources */ = {isa = PBXBuildFile; fileRef = 1F98005A138E892700B91C2C /* BAJSONLoader.m */; };
		1F980064138E892700B91C2C /* BANetworkActivity.m in Sources */ = {isa = PBXBuildFile; fileRef = 1F98005C138E892700B91C2C /* BANetworkActivity.m */; };
		1F980065138E892700B91C2C /* NSDictionary+BAHTTP.m in Sources */ = {isa = PBXBuildFile; fileRef = 1F98005E138E892700B91C2C /* NSDictionary+BAHTTP.m */; };
		1F980066138E892700B91C2C /* NSString+BACoding.m in Sources */ = {isa = PBXBuildFile; fileRef = 1F980060138E892700B91C2C /* NSString+BACoding.m */; };
		1FC7B7EE138E592800900EA2 /* UIKit.framework in Frameworks */ = {isa = PBXBuildFile; fileRef = 1FC7B7ED138E592800900EA2 /* UIKit.framework */; };
		1FC7B7F0138E592800900EA2 /* Foundation.framework in Frameworks */ = {isa = PBXBuildFile; fileRef = 1FC7B7EF138E592800900EA2 /* Foundation.framework */; };
		1FC7B7F2138E592800900EA2 /* CoreGraphics.framework in Frameworks */ = {isa = PBXBuildFile; fileRef = 1FC7B7F1138E592800900EA2 /* CoreGraphics.framework */; };
/* End PBXBuildFile section */

/* Begin PBXFileReference section */
		1F4B38D8138E704D003FE58C /* BADemoAppDelegate.h */ = {isa = PBXFileReference; fileEncoding = 4; lastKnownFileType = sourcecode.c.h; path = BADemoAppDelegate.h; sourceTree = "<group>"; };
		1F4B38D9138E704D003FE58C /* BADemoAppDelegate.m */ = {isa = PBXFileReference; fileEncoding = 4; lastKnownFileType = sourcecode.c.objc; path = BADemoAppDelegate.m; sourceTree = "<group>"; };
		1F4B38DA138E704D003FE58C /* BADemoViewController.h */ = {isa = PBXFileReference; fileEncoding = 4; lastKnownFileType = sourcecode.c.h; path = BADemoViewController.h; sourceTree = "<group>"; };
		1F4B38DB138E704D003FE58C /* BADemoViewController.m */ = {isa = PBXFileReference; fileEncoding = 4; lastKnownFileType = sourcecode.c.objc; path = BADemoViewController.m; sourceTree = "<group>"; };
		1F4B38DD138E704D003FE58C /* BADemo-Prefix.pch */ = {isa = PBXFileReference; fileEncoding = 4; lastKnownFileType = sourcecode.c.h; path = "BADemo-Prefix.pch"; sourceTree = "<group>"; };
		1F4B38DF138E704D003FE58C /* en */ = {isa = PBXFileReference; lastKnownFileType = text.plist.strings; name = en; path = en.lproj/InfoPlist.strings; sourceTree = "<group>"; };
		1F4B38E0138E704D003FE58C /* Info.plist */ = {isa = PBXFileReference; fileEncoding = 4; lastKnownFileType = text.plist.xml; path = Info.plist; sourceTree = "<group>"; };
		1F4B38E1138E704D003FE58C /* main.m */ = {isa = PBXFileReference; fileEncoding = 4; lastKnownFileType = sourcecode.c.objc; path = main.m; sourceTree = "<group>"; };
		1F4B38E2138E704D003FE58C /* MainWindow.xib */ = {isa = PBXFileReference; fileEncoding = 4; lastKnownFileType = file.xib; path = MainWindow.xib; sourceTree = "<group>"; };
		1F6D31A9138E959600DEA7FE /* BAXMLLoader.h */ = {isa = PBXFileReference; fileEncoding = 4; lastKnownFileType = sourcecode.c.h; path = BAXMLLoader.h; sourceTree = "<group>"; };
		1F6D31AA138E959600DEA7FE /* BAXMLLoader.m */ = {isa = PBXFileReference; fileEncoding = 4; lastKnownFileType = sourcecode.c.objc; path = BAXMLLoader.m; sourceTree = "<group>"; };
		1F6D31AB138E959600DEA7FE /* BAXMLParserBase.h */ = {isa = PBXFileReference; fileEncoding = 4; lastKnownFileType = sourcecode.c.h; path = BAXMLParserBase.h; sourceTree = "<group>"; };
		1F6D31AC138E959600DEA7FE /* BAXMLParserBase.m */ = {isa = PBXFileReference; fileEncoding = 4; lastKnownFileType = sourcecode.c.objc; path = BAXMLParserBase.m; sourceTree = "<group>"; };
		1F6D31B0138E96FF00DEA7FE /* BAPageControl.h */ = {isa = PBXFileReference; fileEncoding = 4; lastKnownFileType = sourcecode.c.h; path = BAPageControl.h; sourceTree = "<group>"; };
		1F6D31B1138E96FF00DEA7FE /* BAPageControl.m */ = {isa = PBXFileReference; fileEncoding = 4; lastKnownFileType = sourcecode.c.objc; path = BAPageControl.m; sourceTree = "<group>"; };
		1F6D31B2138E96FF00DEA7FE /* BARemoteImageView.h */ = {isa = PBXFileReference; fileEncoding = 4; lastKnownFileType = sourcecode.c.h; path = BARemoteImageView.h; sourceTree = "<group>"; };
		1F6D31B3138E970000DEA7FE /* BARemoteImageView.m */ = {isa = PBXFileReference; fileEncoding = 4; lastKnownFileType = sourcecode.c.objc; path = BARemoteImageView.m; sourceTree = "<group>"; };
		1F7F0FE1138EED8100E62046 /* BAPageControlViewController.h */ = {isa = PBXFileReference; fileEncoding = 4; lastKnownFileType = sourcecode.c.h; path = BAPageControlViewController.h; sourceTree = "<group>"; };
		1F7F0FE2138EED8100E62046 /* BAPageControlViewController.m */ = {isa = PBXFileReference; fileEncoding = 4; lastKnownFileType = sourcecode.c.objc; path = BAPageControlViewController.m; sourceTree = "<group>"; };
		1F7F0FE3138EED8100E62046 /* BAPageControlViewController.xib */ = {isa = PBXFileReference; fileEncoding = 4; lastKnownFileType = file.xib; path = BAPageControlViewController.xib; sourceTree = "<group>"; };
		1F7F0FE7138EF27F00E62046 /* BAHyperHandler.h */ = {isa = PBXFileReference; fileEncoding = 4; lastKnownFileType = sourcecode.c.h; path = BAHyperHandler.h; sourceTree = "<group>"; };
		1F7F0FE8138EF27F00E62046 /* BAHyperHandler.m */ = {isa = PBXFileReference; fileEncoding = 4; lastKnownFileType = sourcecode.c.objc; path = BAHyperHandler.m; sourceTree = "<group>"; };
		1F7F0FE9138EF27F00E62046 /* BAHyperParser.h */ = {isa = PBXFileReference; fileEncoding = 4; lastKnownFileType = sourcecode.c.h; path = BAHyperParser.h; sourceTree = "<group>"; };
		1F7F0FEA138EF27F00E62046 /* BAHyperParser.m */ = {isa = PBXFileReference; fileEncoding = 4; lastKnownFileType = sourcecode.c.objc; path = BAHyperParser.m; sourceTree = "<group>"; };
		1F7F0FEB138EF27F00E62046 /* BAProgressView.h */ = {isa = PBXFileReference; fileEncoding = 4; lastKnownFileType = sourcecode.c.h; path = BAProgressView.h; sourceTree = "<group>"; };
		1F7F0FEC138EF27F00E62046 /* BAProgressView.m */ = {isa = PBXFileReference; fileEncoding = 4; lastKnownFileType = sourcecode.c.objc; path = BAProgressView.m; sourceTree = "<group>"; };
		1F7F0FF0138EF50500E62046 /* BAProgressViewController.h */ = {isa = PBXFileReference; fileEncoding = 4; lastKnownFileType = sourcecode.c.h; path = BAProgressViewController.h; sourceTree = "<group>"; };
		1F7F0FF1138EF50500E62046 /* BAProgressViewController.m */ = {isa = PBXFileReference; fileEncoding = 4; lastKnownFileType = sourcecode.c.objc; path = BAProgressViewController.m; sourceTree = "<group>"; };
		1F7F0FF2138EF50500E62046 /* BAProgressViewController.xib */ = {isa = PBXFileReference; fileEncoding = 4; lastKnownFileType = file.xib; path = BAProgressViewController.xib; sourceTree = "<group>"; };
		1F7F0FF5138EFF1100E62046 /* BAToggleBar.h */ = {isa = PBXFileReference; fileEncoding = 4; lastKnownFileType = sourcecode.c.h; path = BAToggleBar.h; sourceTree = "<group>"; };
		1F7F0FF6138EFF1100E62046 /* BAToggleBar.m */ = {isa = PBXFileReference; fileEncoding = 4; lastKnownFileType = sourcecode.c.objc; path = BAToggleBar.m; sourceTree = "<group>"; };
		1F7F0FF7138EFF1100E62046 /* BAToggleItem.h */ = {isa = PBXFileReference; fileEncoding = 4; lastKnownFileType = sourcecode.c.h; path = BAToggleItem.h; sourceTree = "<group>"; };
		1F7F0FF8138EFF1100E62046 /* BAToggleItemImage.h */ = {isa = PBXFileReference; fileEncoding = 4; lastKnownFileType = sourcecode.c.h; path = BAToggleItemImage.h; sourceTree = "<group>"; };
		1F7F0FF9138EFF1100E62046 /* BAToggleItemImage.m */ = {isa = PBXFileReference; fileEncoding = 4; lastKnownFileType = sourcecode.c.objc; path = BAToggleItemImage.m; sourceTree = "<group>"; };
		1F7F0FFA138EFF1200E62046 /* BAToggleItemLabel.h */ = {isa = PBXFileReference; fileEncoding = 4; lastKnownFileType = sourcecode.c.h; path = BAToggleItemLabel.h; sourceTree = "<group>"; };
		1F7F0FFB138EFF1200E62046 /* BAToggleItemLabel.m */ = {isa = PBXFileReference; fileEncoding = 4; lastKnownFileType = sourcecode.c.objc; path = BAToggleItemLabel.m; sourceTree = "<group>"; };
		1F7F0FFC138EFF1200E62046 /* UINavigationController+BATransitions.h */ = {isa = PBXFileReference; fileEncoding = 4; lastKnownFileType = sourcecode.c.h; path = "UINavigationController+BATransitions.h"; sourceTree = "<group>"; };
		1F7F0FFD138EFF1200E62046 /* UINavigationController+BATransitions.m */ = {isa = PBXFileReference; fileEncoding = 4; lastKnownFileType = sourcecode.c.objc; path = "UINavigationController+BATransitions.m"; sourceTree = "<group>"; };
		1F7F0FFE138EFF1200E62046 /* UITableView+BALoading.h */ = {isa = PBXFileReference; fileEncoding = 4; lastKnownFileType = sourcecode.c.h; path = "UITableView+BALoading.h"; sourceTree = "<group>"; };
		1F7F0FFF138EFF1200E62046 /* UITableView+BALoading.m */ = {isa = PBXFileReference; fileEncoding = 4; lastKnownFileType = sourcecode.c.objc; path = "UITableView+BALoading.m"; sourceTree = "<group>"; };
		1F7F1000138EFF1200E62046 /* BARefreshHeaderView.h */ = {isa = PBXFileReference; fileEncoding = 4; lastKnownFileType = sourcecode.c.h; path = BARefreshHeaderView.h; sourceTree = "<group>"; };
		1F7F1001138EFF1300E62046 /* BARefreshHeaderView.m */ = {isa = PBXFileReference; fileEncoding = 4; lastKnownFileType = sourcecode.c.objc; path = BARefreshHeaderView.m; sourceTree = "<group>"; };
		1F7F1008138F00D800E62046 /* QuartzCore.framework */ = {isa = PBXFileReference; lastKnownFileType = wrapper.framework; name = QuartzCore.framework; path = System/Library/Frameworks/QuartzCore.framework; sourceTree = SDKROOT; };
		1F980023138E745500B91C2C /* CHANGELOG.md */ = {isa = PBXFileReference; fileEncoding = 4; lastKnownFileType = text; path = CHANGELOG.md; sourceTree = "<group>"; };
		1F980024138E745500B91C2C /* JSONKit.h */ = {isa = PBXFileReference; fileEncoding = 4; lastKnownFileType = sourcecode.c.h; path = JSONKit.h; sourceTree = "<group>"; };
		1F980025138E745500B91C2C /* JSONKit.m */ = {isa = PBXFileReference; fileEncoding = 4; lastKnownFileType = sourcecode.c.objc; path = JSONKit.m; sourceTree = "<group>"; };
		1F980026138E745500B91C2C /* README.md */ = {isa = PBXFileReference; fileEncoding = 4; lastKnownFileType = text; path = README.md; sourceTree = "<group>"; };
		1F980055138E892700B91C2C /* BAPersistentCache.h */ = {isa = PBXFileReference; fileEncoding = 4; lastKnownFileType = sourcecode.c.h; path = BAPersistentCache.h; sourceTree = "<group>"; };
		1F980056138E892700B91C2C /* BAPersistentCache.m */ = {isa = PBXFileReference; fileEncoding = 4; lastKnownFileType = sourcecode.c.objc; path = BAPersistentCache.m; sourceTree = "<group>"; };
		1F980057138E892700B91C2C /* BADataLoader.h */ = {isa = PBXFileReference; fileEncoding = 4; lastKnownFileType = sourcecode.c.h; path = BADataLoader.h; sourceTree = "<group>"; };
		1F980058138E892700B91C2C /* BADataLoader.m */ = {isa = PBXFileReference; fileEncoding = 4; lastKnownFileType = sourcecode.c.objc; path = BADataLoader.m; sourceTree = "<group>"; };
		1F980059138E892700B91C2C /* BAJSONLoader.h */ = {isa = PBXFileReference; fileEncoding = 4; lastKnownFileType = sourcecode.c.h; path = BAJSONLoader.h; sourceTree = "<group>"; };
		1F98005A138E892700B91C2C /* BAJSONLoader.m */ = {isa = PBXFileReference; fileEncoding = 4; lastKnownFileType = sourcecode.c.objc; path = BAJSONLoader.m; sourceTree = "<group>"; };
		1F98005B138E892700B91C2C /* BANetworkActivity.h */ = {isa = PBXFileReference; fileEncoding = 4; lastKnownFileType = sourcecode.c.h; path = BANetworkActivity.h; sourceTree = "<group>"; };
		1F98005C138E892700B91C2C /* BANetworkActivity.m */ = {isa = PBXFileReference; fileEncoding = 4; lastKnownFileType = sourcecode.c.objc; path = BANetworkActivity.m; sourceTree = "<group>"; };
		1F98005D138E892700B91C2C /* NSDictionary+BAHTTP.h */ = {isa = PBXFileReference; fileEncoding = 4; lastKnownFileType = sourcecode.c.h; path = "NSDictionary+BAHTTP.h"; sourceTree = "<group>"; };
		1F98005E138E892700B91C2C /* NSDictionary+BAHTTP.m */ = {isa = PBXFileReference; fileEncoding = 4; lastKnownFileType = sourcecode.c.objc; path = "NSDictionary+BAHTTP.m"; sourceTree = "<group>"; };
		1F98005F138E892700B91C2C /* NSString+BACoding.h */ = {isa = PBXFileReference; fileEncoding = 4; lastKnownFileType = sourcecode.c.h; path = "NSString+BACoding.h"; sourceTree = "<group>"; };
		1F980060138E892700B91C2C /* NSString+BACoding.m */ = {isa = PBXFileReference; fileEncoding = 4; lastKnownFileType = sourcecode.c.objc; path = "NSString+BACoding.m"; sourceTree = "<group>"; };
		1FC7B7E9138E592800900EA2 /* BADemo.app */ = {isa = PBXFileReference; explicitFileType = wrapper.application; includeInIndex = 0; path = BADemo.app; sourceTree = BUILT_PRODUCTS_DIR; };
		1FC7B7ED138E592800900EA2 /* UIKit.framework */ = {isa = PBXFileReference; lastKnownFileType = wrapper.framework; name = UIKit.framework; path = System/Library/Frameworks/UIKit.framework; sourceTree = SDKROOT; };
		1FC7B7EF138E592800900EA2 /* Foundation.framework */ = {isa = PBXFileReference; lastKnownFileType = wrapper.framework; name = Foundation.framework; path = System/Library/Frameworks/Foundation.framework; sourceTree = SDKROOT; };
		1FC7B7F1138E592800900EA2 /* CoreGraphics.framework */ = {isa = PBXFileReference; lastKnownFileType = wrapper.framework; name = CoreGraphics.framework; path = System/Library/Frameworks/CoreGraphics.framework; sourceTree = SDKROOT; };
/* End PBXFileReference section */

/* Begin PBXFrameworksBuildPhase section */
		1FC7B7E6138E592800900EA2 /* Frameworks */ = {
			isa = PBXFrameworksBuildPhase;
			buildActionMask = 2147483647;
			files = (
				1F7F1009138F00D800E62046 /* QuartzCore.framework in Frameworks */,
				1FC7B7EE138E592800900EA2 /* UIKit.framework in Frameworks */,
				1FC7B7F0138E592800900EA2 /* Foundation.framework in Frameworks */,
				1FC7B7F2138E592800900EA2 /* CoreGraphics.framework in Frameworks */,
			);
			runOnlyForDeploymentPostprocessing = 0;
		};
/* End PBXFrameworksBuildPhase section */

/* Begin PBXGroup section */
		1F4B38D7138E704D003FE58C /* BADemo */ = {
			isa = PBXGroup;
			children = (
				1F4B38D8138E704D003FE58C /* BADemoAppDelegate.h */,
				1F4B38D9138E704D003FE58C /* BADemoAppDelegate.m */,
				1F4B38E2138E704D003FE58C /* MainWindow.xib */,
				1F4B38DA138E704D003FE58C /* BADemoViewController.h */,
				1F4B38DB138E704D003FE58C /* BADemoViewController.m */,
				1F7F0FE1138EED8100E62046 /* BAPageControlViewController.h */,
				1F7F0FE2138EED8100E62046 /* BAPageControlViewController.m */,
				1F7F0FE3138EED8100E62046 /* BAPageControlViewController.xib */,
				1F7F0FF0138EF50500E62046 /* BAProgressViewController.h */,
				1F7F0FF1138EF50500E62046 /* BAProgressViewController.m */,
				1F7F0FF2138EF50500E62046 /* BAProgressViewController.xib */,
				1F4B38DD138E704D003FE58C /* BADemo-Prefix.pch */,
				1F4B38DE138E704D003FE58C /* InfoPlist.strings */,
				1F4B38E0138E704D003FE58C /* Info.plist */,
				1F4B38E1138E704D003FE58C /* main.m */,
			);
			path = BADemo;
			sourceTree = "<group>";
		};
		1F980054138E892700B91C2C /* BaseAppKit */ = {
			isa = PBXGroup;
			children = (
				1F98005F138E892700B91C2C /* NSString+BACoding.h */,
				1F980060138E892700B91C2C /* NSString+BACoding.m */,
				1F98005D138E892700B91C2C /* NSDictionary+BAHTTP.h */,
				1F98005E138E892700B91C2C /* NSDictionary+BAHTTP.m */,
				1F98005B138E892700B91C2C /* BANetworkActivity.h */,
				1F98005C138E892700B91C2C /* BANetworkActivity.m */,
				1F980055138E892700B91C2C /* BAPersistentCache.h */,
				1F980056138E892700B91C2C /* BAPersistentCache.m */,
				1F980057138E892700B91C2C /* BADataLoader.h */,
				1F980058138E892700B91C2C /* BADataLoader.m */,
				1F980059138E892700B91C2C /* BAJSONLoader.h */,
				1F98005A138E892700B91C2C /* BAJSONLoader.m */,
				1F6D31AB138E959600DEA7FE /* BAXMLParserBase.h */,
				1F6D31AC138E959600DEA7FE /* BAXMLParserBase.m */,
				1F6D31A9138E959600DEA7FE /* BAXMLLoader.h */,
				1F6D31AA138E959600DEA7FE /* BAXMLLoader.m */,
				1F7F0FE7138EF27F00E62046 /* BAHyperHandler.h */,
				1F7F0FE8138EF27F00E62046 /* BAHyperHandler.m */,
				1F7F0FE9138EF27F00E62046 /* BAHyperParser.h */,
				1F7F0FEA138EF27F00E62046 /* BAHyperParser.m */,
				1F7F0FFC138EFF1200E62046 /* UINavigationController+BATransitions.h */,
				1F7F0FFD138EFF1200E62046 /* UINavigationController+BATransitions.m */,
				1F7F0FFE138EFF1200E62046 /* UITableView+BALoading.h */,
				1F7F0FFF138EFF1200E62046 /* UITableView+BALoading.m */,
				1F6D31B2138E96FF00DEA7FE /* BARemoteImageView.h */,
				1F6D31B3138E970000DEA7FE /* BARemoteImageView.m */,
				1F6D31B0138E96FF00DEA7FE /* BAPageControl.h */,
				1F6D31B1138E96FF00DEA7FE /* BAPageControl.m */,
				1F7F0FEB138EF27F00E62046 /* BAProgressView.h */,
				1F7F0FEC138EF27F00E62046 /* BAProgressView.m */,
				1F7F1000138EFF1200E62046 /* BARefreshHeaderView.h */,
				1F7F1001138EFF1300E62046 /* BARefreshHeaderView.m */,
				1F7F0FF5138EFF1100E62046 /* BAToggleBar.h */,
				1F7F0FF6138EFF1100E62046 /* BAToggleBar.m */,
				1F7F0FF7138EFF1100E62046 /* BAToggleItem.h */,
				1F7F0FF8138EFF1100E62046 /* BAToggleItemImage.h */,
				1F7F0FF9138EFF1100E62046 /* BAToggleItemImage.m */,
				1F7F0FFA138EFF1200E62046 /* BAToggleItemLabel.h */,
				1F7F0FFB138EFF1200E62046 /* BAToggleItemLabel.m */,
			);
			path = BaseAppKit;
			sourceTree = "<group>";
		};
		1F98FFFD138E745500B91C2C /* JSONKit */ = {
			isa = PBXGroup;
			children = (
				1F980023138E745500B91C2C /* CHANGELOG.md */,
				1F980024138E745500B91C2C /* JSONKit.h */,
				1F980025138E745500B91C2C /* JSONKit.m */,
				1F980026138E745500B91C2C /* README.md */,
			);
			path = JSONKit;
			sourceTree = "<group>";
		};
		1FC7B7DE138E592800900EA2 = {
			isa = PBXGroup;
			children = (
				1F980054138E892700B91C2C /* BaseAppKit */,
				1F98FFFD138E745500B91C2C /* JSONKit */,
				1F4B38D7138E704D003FE58C /* BADemo */,
				1FC7B7EC138E592800900EA2 /* Frameworks */,
				1FC7B7EA138E592800900EA2 /* Products */,
			);
			sourceTree = "<group>";
		};
		1FC7B7EA138E592800900EA2 /* Products */ = {
			isa = PBXGroup;
			children = (
				1FC7B7E9138E592800900EA2 /* BADemo.app */,
			);
			name = Products;
			sourceTree = "<group>";
		};
		1FC7B7EC138E592800900EA2 /* Frameworks */ = {
			isa = PBXGroup;
			children = (
				1F7F1008138F00D800E62046 /* QuartzCore.framework */,
				1FC7B7ED138E592800900EA2 /* UIKit.framework */,
				1FC7B7EF138E592800900EA2 /* Foundation.framework */,
				1FC7B7F1138E592800900EA2 /* CoreGraphics.framework */,
			);
			name = Frameworks;
			sourceTree = "<group>";
		};
/* End PBXGroup section */

/* Begin PBXNativeTarget section */
		1FC7B7E8138E592800900EA2 /* BADemo */ = {
			isa = PBXNativeTarget;
			buildConfigurationList = 1FC7B80A138E592800900EA2 /* Build configuration list for PBXNativeTarget "BADemo" */;
			buildPhases = (
				1FC7B7E5138E592800900EA2 /* Sources */,
				1FC7B7E6138E592800900EA2 /* Frameworks */,
				1FC7B7E7138E592800900EA2 /* Resources */,
			);
			buildRules = (
			);
			dependencies = (
			);
			name = BADemo;
			productName = baseappkit;
			productReference = 1FC7B7E9138E592800900EA2 /* BADemo.app */;
			productType = "com.apple.product-type.application";
		};
/* End PBXNativeTarget section */

/* Begin PBXProject section */
		1FC7B7E0138E592800900EA2 /* Project object */ = {
			isa = PBXProject;
			attributes = {
				ORGANIZATIONNAME = BaseAppKit;
			};
			buildConfigurationList = 1FC7B7E3138E592800900EA2 /* Build configuration list for PBXProject "baseappkit" */;
			compatibilityVersion = "Xcode 3.2";
			developmentRegion = English;
			hasScannedForEncodings = 0;
			knownRegions = (
				en,
			);
			mainGroup = 1FC7B7DE138E592800900EA2;
			productRefGroup = 1FC7B7EA138E592800900EA2 /* Products */;
			projectDirPath = "";
			projectRoot = "";
			targets = (
				1FC7B7E8138E592800900EA2 /* BADemo */,
			);
		};
/* End PBXProject section */

/* Begin PBXResourcesBuildPhase section */
		1FC7B7E7138E592800900EA2 /* Resources */ = {
			isa = PBXResourcesBuildPhase;
			buildActionMask = 2147483647;
			files = (
				1F4B38E6138E704D003FE58C /* InfoPlist.strings in Resources */,
				1F4B38E9138E704D003FE58C /* MainWindow.xib in Resources */,
				1F98003D138E745500B91C2C /* CHANGELOG.md in Resources */,
				1F98003F138E745500B91C2C /* README.md in Resources */,
				1F7F0FE5138EED8100E62046 /* BAPageControlViewController.xib in Resources */,
				1F7F0FF4138EF50500E62046 /* BAProgressViewController.xib in Resources */,
			);
			runOnlyForDeploymentPostprocessing = 0;
		};
/* End PBXResourcesBuildPhase section */

/* Begin PBXSourcesBuildPhase section */
		1FC7B7E5138E592800900EA2 /* Sources */ = {
			isa = PBXSourcesBuildPhase;
			buildActionMask = 2147483647;
			files = (
				1F4B38E3138E704D003FE58C /* BADemoAppDelegate.m in Sources */,
				1F4B38E4138E704D003FE58C /* BADemoViewController.m in Sources */,
				1F4B38E8138E704D003FE58C /* main.m in Sources */,
				1F98003E138E745500B91C2C /* JSONKit.m in Sources */,
				1F980061138E892700B91C2C /* BAPersistentCache.m in Sources */,
				1F980062138E892700B91C2C /* BADataLoader.m in Sources */,
				1F980063138E892700B91C2C /* BAJSONLoader.m in Sources */,
				1F980064138E892700B91C2C /* BANetworkActivity.m in Sources */,
				1F980065138E892700B91C2C /* NSDictionary+BAHTTP.m in Sources */,
				1F980066138E892700B91C2C /* NSString+BACoding.m in Sources */,
				1F6D31AD138E959600DEA7FE /* BAXMLLoader.m in Sources */,
				1F6D31AE138E959600DEA7FE /* BAXMLParserBase.m in Sources */,
				1F6D31B4138E970000DEA7FE /* BAPageControl.m in Sources */,
				1F6D31B5138E970000DEA7FE /* BARemoteImageView.m in Sources */,
				1F7F0FE4138EED8100E62046 /* BAPageControlViewController.m in Sources */,
				1F7F0FED138EF27F00E62046 /* BAHyperHandler.m in Sources */,
				1F7F0FEE138EF27F00E62046 /* BAHyperParser.m in Sources */,
				1F7F0FEF138EF27F00E62046 /* BAProgressView.m in Sources */,
				1F7F0FF3138EF50500E62046 /* BAProgressViewController.m in Sources */,
				1F7F1002138EFF1300E62046 /* BAToggleBar.m in Sources */,
				1F7F1003138EFF1300E62046 /* BAToggleItemImage.m in Sources */,
				1F7F1004138EFF1300E62046 /* BAToggleItemLabel.m in Sources */,
				1F7F1005138EFF1300E62046 /* UINavigationController+BATransitions.m in Sources */,
				1F7F1006138EFF1300E62046 /* UITableView+BALoading.m in Sources */,
				1F7F1007138EFF1300E62046 /* BARefreshHeaderView.m in Sources */,
			);
			runOnlyForDeploymentPostprocessing = 0;
		};
/* End PBXSourcesBuildPhase section */

/* Begin PBXVariantGroup section */
		1F4B38DE138E704D003FE58C /* InfoPlist.strings */ = {
			isa = PBXVariantGroup;
			children = (
				1F4B38DF138E704D003FE58C /* en */,
			);
			name = InfoPlist.strings;
			sourceTree = "<group>";
		};
/* End PBXVariantGroup section */

/* Begin XCBuildConfiguration section */
		1FC7B808138E592800900EA2 /* Debug */ = {
			isa = XCBuildConfiguration;
			buildSettings = {
				ARCHS = "$(ARCHS_STANDARD_32_BIT)";
				"CODE_SIGN_IDENTITY[sdk=iphoneos*]" = "iPhone Developer";
				GCC_C_LANGUAGE_STANDARD = gnu99;
				GCC_OPTIMIZATION_LEVEL = 0;
				GCC_PREPROCESSOR_DEFINITIONS = DEBUG;
				GCC_SYMBOLS_PRIVATE_EXTERN = NO;
				GCC_VERSION = com.apple.compilers.llvm.clang.1_0;
				GCC_WARN_ABOUT_RETURN_TYPE = YES;
				GCC_WARN_UNUSED_VARIABLE = YES;
				IPHONEOS_DEPLOYMENT_TARGET = 4.2;
				SDKROOT = iphoneos;
			};
			name = Debug;
		};
		1FC7B809138E592800900EA2 /* Release */ = {
			isa = XCBuildConfiguration;
			buildSettings = {
				ARCHS = "$(ARCHS_STANDARD_32_BIT)";
				"CODE_SIGN_IDENTITY[sdk=iphoneos*]" = "iPhone Developer";
				GCC_C_LANGUAGE_STANDARD = gnu99;
				GCC_VERSION = com.apple.compilers.llvm.clang.1_0;
				GCC_WARN_ABOUT_RETURN_TYPE = YES;
				GCC_WARN_UNUSED_VARIABLE = YES;
				IPHONEOS_DEPLOYMENT_TARGET = 4.2;
				OTHER_CFLAGS = "-DNS_BLOCK_ASSERTIONS=1";
				SDKROOT = iphoneos;
			};
			name = Release;
		};
		1FC7B80B138E592800900EA2 /* Debug */ = {
			isa = XCBuildConfiguration;
			buildSettings = {
				ALWAYS_SEARCH_USER_PATHS = NO;
				COPY_PHASE_STRIP = NO;
				GCC_DYNAMIC_NO_PIC = NO;
				GCC_PRECOMPILE_PREFIX_HEADER = YES;
				GCC_PREFIX_HEADER = "BADemo/BADemo-Prefix.pch";
				INFOPLIST_FILE = BADemo/Info.plist;
				PRODUCT_NAME = "$(TARGET_NAME)";
				WRAPPER_EXTENSION = app;
			};
			name = Debug;
		};
		1FC7B80C138E592800900EA2 /* Release */ = {
			isa = XCBuildConfiguration;
			buildSettings = {
				ALWAYS_SEARCH_USER_PATHS = NO;
				COPY_PHASE_STRIP = YES;
				GCC_PRECOMPILE_PREFIX_HEADER = YES;
				GCC_PREFIX_HEADER = "BADemo/BADemo-Prefix.pch";
				INFOPLIST_FILE = BADemo/Info.plist;
				PRODUCT_NAME = "$(TARGET_NAME)";
				VALIDATE_PRODUCT = YES;
				WRAPPER_EXTENSION = app;
			};
			name = Release;
		};
/* End XCBuildConfiguration section */

/* Begin XCConfigurationList section */
		1FC7B7E3138E592800900EA2 /* Build configuration list for PBXProject "baseappkit" */ = {
			isa = XCConfigurationList;
			buildConfigurations = (
				1FC7B808138E592800900EA2 /* Debug */,
				1FC7B809138E592800900EA2 /* Release */,
			);
			defaultConfigurationIsVisible = 0;
			defaultConfigurationName = Release;
		};
		1FC7B80A138E592800900EA2 /* Build configuration list for PBXNativeTarget "BADemo" */ = {
			isa = XCConfigurationList;
			buildConfigurations = (
				1FC7B80B138E592800900EA2 /* Debug */,
				1FC7B80C138E592800900EA2 /* Release */,
			);
			defaultConfigurationIsVisible = 0;
			defaultConfigurationName = Release;
		};
/* End XCConfigurationList section */
	};
	rootObject = 1FC7B7E0138E592800900EA2 /* Project object */;
}
